{
  "object": {
    "pins": [
      {
        "package": "PartialSheet",
        "repositoryURL": "https://github.com/AndreaMiotto/PartialSheet",
        "state": {
          "branch": null,
          "revision": "9b905dcaeedb96d8c1793de945489ed76df6754f",
          "version": "2.1.6"
        }
      }
    ]
  },
  "version": 1
}
