// !$*UTF8*$!
{
	archiveVersion = 1;
	classes = {
	};
	objectVersion = 51;
	objects = {

/* Begin PBXBuildFile section */
		0409E4B424C574B9000038E1 /* AppDelegate.swift in Sources */ = {isa = PBXBuildFile; fileRef = 0409E4B324C574B9000038E1 /* AppDelegate.swift */; };
		0409E4B624C574B9000038E1 /* SceneDelegate.swift in Sources */ = {isa = PBXBuildFile; fileRef = 0409E4B524C574B9000038E1 /* SceneDelegate.swift */; };
		0409E4B824C574B9000038E1 /* ContentView.swift in Sources */ = {isa = PBXBuildFile; fileRef = 0409E4B724C574B9000038E1 /* ContentView.swift */; };
		0409E4BA24C574BA000038E1 /* Assets.xcassets in Resources */ = {isa = PBXBuildFile; fileRef = 0409E4B924C574BA000038E1 /* Assets.xcassets */; };
		0409E4BD24C574BA000038E1 /* Preview Assets.xcassets in Resources */ = {isa = PBXBuildFile; fileRef = 0409E4BC24C574BA000038E1 /* Preview Assets.xcassets */; };
		0409E4C024C574BA000038E1 /* LaunchScreen.storyboard in Resources */ = {isa = PBXBuildFile; fileRef = 0409E4BE24C574BA000038E1 /* LaunchScreen.storyboard */; };
		0409E4CC24C57582000038E1 /* RecordView.swift in Sources */ = {isa = PBXBuildFile; fileRef = 0409E4CB24C57582000038E1 /* RecordView.swift */; };
		0409E4CE24C57588000038E1 /* NoteView.swift in Sources */ = {isa = PBXBuildFile; fileRef = 0409E4CD24C57588000038E1 /* NoteView.swift */; };
		04149A4824C7C63400F2AD6F /* RecordCellViewModel.swift in Sources */ = {isa = PBXBuildFile; fileRef = 04149A4724C7C63400F2AD6F /* RecordCellViewModel.swift */; };
		0414A55A24D54F6900475D33 /* Color.swift in Sources */ = {isa = PBXBuildFile; fileRef = 0414A55924D54F6900475D33 /* Color.swift */; };
		0417B6C924C9A71400BBFF3B /* FrameDetaleView.swift in Sources */ = {isa = PBXBuildFile; fileRef = 0417B6C824C9A71400BBFF3B /* FrameDetaleView.swift */; };
		042987C1251AC84F00CE141C /* SignInWithAppleCoordinator.swift in Sources */ = {isa = PBXBuildFile; fileRef = 042987C0251AC84F00CE141C /* SignInWithAppleCoordinator.swift */; };
		042A465C24CC14FF003A594F /* GoogleService-Info.plist in Resources */ = {isa = PBXBuildFile; fileRef = 042A465B24CC14FF003A594F /* GoogleService-Info.plist */; };
		0437708124D537C000DCED8E /* AnalysisRepository.swift in Sources */ = {isa = PBXBuildFile; fileRef = 0437708024D537C000DCED8E /* AnalysisRepository.swift */; };
		043F629824CC06480005B13C /* NoteCellViewModel.swift in Sources */ = {isa = PBXBuildFile; fileRef = 043F629724CC06480005B13C /* NoteCellViewModel.swift */; };
		043F629D24CC11780005B13C /* AnalysisMainFighterView.swift in Sources */ = {isa = PBXBuildFile; fileRef = 043F629C24CC11780005B13C /* AnalysisMainFighterView.swift */; };
		043F629F24CC119E0005B13C /* AnalysisMyFighterView.swift in Sources */ = {isa = PBXBuildFile; fileRef = 043F629E24CC119E0005B13C /* AnalysisMyFighterView.swift */; };
		043F62A124CC11B40005B13C /* AnalysisOpponentFighterView.swift in Sources */ = {isa = PBXBuildFile; fileRef = 043F62A024CC11B40005B13C /* AnalysisOpponentFighterView.swift */; };
		043F62A324CC11BE0005B13C /* AnalysisStageView.swift in Sources */ = {isa = PBXBuildFile; fileRef = 043F62A224CC11BE0005B13C /* AnalysisStageView.swift */; };
		0446B49624E52253007C8F64 /* Loader.swift in Sources */ = {isa = PBXBuildFile; fileRef = 0446B49524E52253007C8F64 /* Loader.swift */; };
		0447676524CEB9380019B5E9 /* NoteRepository.swift in Sources */ = {isa = PBXBuildFile; fileRef = 0447676424CEB9380019B5E9 /* NoteRepository.swift */; };
		044A268D24D3D76A0059496C /* RankingView.swift in Sources */ = {isa = PBXBuildFile; fileRef = 044A268C24D3D76A0059496C /* RankingView.swift */; };
		044A269124D3DD640059496C /* RankingViewModel.swift in Sources */ = {isa = PBXBuildFile; fileRef = 044A269024D3DD640059496C /* RankingViewModel.swift */; };
		044A742A24E1221200A60E7F /* RankingRepository.swift in Sources */ = {isa = PBXBuildFile; fileRef = 044A742924E1221200A60E7F /* RankingRepository.swift */; };
		044A742C24E2150D00A60E7F /* ImagePicker.swift in Sources */ = {isa = PBXBuildFile; fileRef = 044A742B24E2150D00A60E7F /* ImagePicker.swift */; };
		04568CFA24CBC14900FE1841 /* NoteDetailView.swift in Sources */ = {isa = PBXBuildFile; fileRef = 04568CF924CBC14900FE1841 /* NoteDetailView.swift */; };
		04568CFC24CBEA3C00FE1841 /* MultilineTextField.swift in Sources */ = {isa = PBXBuildFile; fileRef = 04568CFB24CBEA3C00FE1841 /* MultilineTextField.swift */; };
		046B734324CBB0880093B454 /* Note.swift in Sources */ = {isa = PBXBuildFile; fileRef = 046B734224CBB0880093B454 /* Note.swift */; };
		048EA26A251963F5000185FA /* BlurView.swift in Sources */ = {isa = PBXBuildFile; fileRef = 048EA269251963F5000185FA /* BlurView.swift */; };
		0491566124CE9BA8003D8E32 /* RecordRepository.swift in Sources */ = {isa = PBXBuildFile; fileRef = 0491566024CE9BA8003D8E32 /* RecordRepository.swift */; };
		049239A624C6608B009F301E /* RecordListViewMdoel.swift in Sources */ = {isa = PBXBuildFile; fileRef = 049239A524C6608B009F301E /* RecordListViewMdoel.swift */; };
		049239A824C660E3009F301E /* Record.swift in Sources */ = {isa = PBXBuildFile; fileRef = 049239A724C660E3009F301E /* Record.swift */; };
		049239AB24C66AFB009F301E /* FighterPDF.swift in Sources */ = {isa = PBXBuildFile; fileRef = 049239AA24C66AFB009F301E /* FighterPDF.swift */; };
		049239AD24C67B84009F301E /* StagePDF.swift in Sources */ = {isa = PBXBuildFile; fileRef = 049239AC24C67B84009F301E /* StagePDF.swift */; };
		049239AF24C68146009F301E /* Constants.swift in Sources */ = {isa = PBXBuildFile; fileRef = 049239AE24C68146009F301E /* Constants.swift */; };
		049239B124C68882009F301E /* EdgeBorder.swift in Sources */ = {isa = PBXBuildFile; fileRef = 049239B024C68882009F301E /* EdgeBorder.swift */; };
		049239B324C6A306009F301E /* AnalysisView.swift in Sources */ = {isa = PBXBuildFile; fileRef = 049239B224C6A306009F301E /* AnalysisView.swift */; };
		049239B524C6A3AF009F301E /* FrameView.swift in Sources */ = {isa = PBXBuildFile; fileRef = 049239B424C6A3AF009F301E /* FrameView.swift */; };
		049239B724C6C0A5009F301E /* AddRecordView.swift in Sources */ = {isa = PBXBuildFile; fileRef = 049239B624C6C0A5009F301E /* AddRecordView.swift */; };
		049803A724CBF29B004FD1C2 /* AnalysisViewModel.swift in Sources */ = {isa = PBXBuildFile; fileRef = 049803A624CBF29B004FD1C2 /* AnalysisViewModel.swift */; };
		04A2F9F724CE4813007A5316 /* SafariView.swift in Sources */ = {isa = PBXBuildFile; fileRef = 04A2F9F624CE4813007A5316 /* SafariView.swift */; };
		04A4861924D0F53A008C3C15 /* HideKeyboard.swift in Sources */ = {isa = PBXBuildFile; fileRef = 04A4861824D0F53A008C3C15 /* HideKeyboard.swift */; };
		04AE235924CC0384005C8100 /* NoteViewModel.swift in Sources */ = {isa = PBXBuildFile; fileRef = 04AE235824CC0383005C8100 /* NoteViewModel.swift */; };
		04D16C322519E875000E13DF /* SignInWithAppleButton.swift in Sources */ = {isa = PBXBuildFile; fileRef = 04D16C312519E875000E13DF /* SignInWithAppleButton.swift */; };
		04D16C382519E913000E13DF /* SignInView.swift in Sources */ = {isa = PBXBuildFile; fileRef = 04D16C372519E913000E13DF /* SignInView.swift */; };
		04D1FA372513056F0075F697 /* Localizable.strings in Resources */ = {isa = PBXBuildFile; fileRef = 04D1FA392513056F0075F697 /* Localizable.strings */; };
		04D1FA3F251306E10075F697 /* String.swift in Sources */ = {isa = PBXBuildFile; fileRef = 04D1FA3E251306E10075F697 /* String.swift */; };
		04ED6BDA24D8D615004BC5D8 /* MainFighter.swift in Sources */ = {isa = PBXBuildFile; fileRef = 04ED6BD924D8D615004BC5D8 /* MainFighter.swift */; };
		04ED6BDC24D8EF39004BC5D8 /* TranslateNameIntoJapanese.swift in Sources */ = {isa = PBXBuildFile; fileRef = 04ED6BDB24D8EF39004BC5D8 /* TranslateNameIntoJapanese.swift */; };
		04EDBB8024D3E283009B696B /* Ranking.swift in Sources */ = {isa = PBXBuildFile; fileRef = 04EDBB7F24D3E283009B696B /* Ranking.swift */; };
		04EDBB8524D4010E009B696B /* FrameRepository.swift in Sources */ = {isa = PBXBuildFile; fileRef = 04EDBB8424D4010E009B696B /* FrameRepository.swift */; };
		04F4F24E24C831BF006C2F20 /* FighterPNG.swift in Sources */ = {isa = PBXBuildFile; fileRef = 04F4F24D24C831BF006C2F20 /* FighterPNG.swift */; };
		04F4F25024C84288006C2F20 /* Frame.swift in Sources */ = {isa = PBXBuildFile; fileRef = 04F4F24F24C84288006C2F20 /* Frame.swift */; };
		04F4F25224C8443F006C2F20 /* csv in Resources */ = {isa = PBXBuildFile; fileRef = 04F4F25124C8443E006C2F20 /* csv */; };
		04F4F25424C8445C006C2F20 /* FrameViewModel.swift in Sources */ = {isa = PBXBuildFile; fileRef = 04F4F25324C8445C006C2F20 /* FrameViewModel.swift */; };
		2A3D2531BD7653633FAF7228 /* Pods_Smash.framework in Frameworks */ = {isa = PBXBuildFile; fileRef = 9144AB34B8288F77432059E3 /* Pods_Smash.framework */; };
/* End PBXBuildFile section */

/* Begin PBXFileReference section */
		0409E4B024C574B9000038E1 /* Smash.app */ = {isa = PBXFileReference; explicitFileType = wrapper.application; includeInIndex = 0; path = Smash.app; sourceTree = BUILT_PRODUCTS_DIR; };
		0409E4B324C574B9000038E1 /* AppDelegate.swift */ = {isa = PBXFileReference; lastKnownFileType = sourcecode.swift; path = AppDelegate.swift; sourceTree = "<group>"; };
		0409E4B524C574B9000038E1 /* SceneDelegate.swift */ = {isa = PBXFileReference; lastKnownFileType = sourcecode.swift; path = SceneDelegate.swift; sourceTree = "<group>"; };
		0409E4B724C574B9000038E1 /* ContentView.swift */ = {isa = PBXFileReference; lastKnownFileType = sourcecode.swift; path = ContentView.swift; sourceTree = "<group>"; };
		0409E4B924C574BA000038E1 /* Assets.xcassets */ = {isa = PBXFileReference; lastKnownFileType = folder.assetcatalog; path = Assets.xcassets; sourceTree = "<group>"; };
		0409E4BC24C574BA000038E1 /* Preview Assets.xcassets */ = {isa = PBXFileReference; lastKnownFileType = folder.assetcatalog; path = "Preview Assets.xcassets"; sourceTree = "<group>"; };
		0409E4BF24C574BA000038E1 /* Base */ = {isa = PBXFileReference; lastKnownFileType = file.storyboard; name = Base; path = Base.lproj/LaunchScreen.storyboard; sourceTree = "<group>"; };
		0409E4C124C574BA000038E1 /* Info.plist */ = {isa = PBXFileReference; lastKnownFileType = text.plist.xml; path = Info.plist; sourceTree = "<group>"; };
		0409E4CB24C57582000038E1 /* RecordView.swift */ = {isa = PBXFileReference; lastKnownFileType = sourcecode.swift; path = RecordView.swift; sourceTree = "<group>"; };
		0409E4CD24C57588000038E1 /* NoteView.swift */ = {isa = PBXFileReference; lastKnownFileType = sourcecode.swift; path = NoteView.swift; sourceTree = "<group>"; };
		04149A4724C7C63400F2AD6F /* RecordCellViewModel.swift */ = {isa = PBXFileReference; lastKnownFileType = sourcecode.swift; path = RecordCellViewModel.swift; sourceTree = "<group>"; };
		0414A55924D54F6900475D33 /* Color.swift */ = {isa = PBXFileReference; lastKnownFileType = sourcecode.swift; path = Color.swift; sourceTree = "<group>"; };
		0417B6C824C9A71400BBFF3B /* FrameDetaleView.swift */ = {isa = PBXFileReference; lastKnownFileType = sourcecode.swift; path = FrameDetaleView.swift; sourceTree = "<group>"; };
		042987C0251AC84F00CE141C /* SignInWithAppleCoordinator.swift */ = {isa = PBXFileReference; lastKnownFileType = sourcecode.swift; path = SignInWithAppleCoordinator.swift; sourceTree = "<group>"; };
		042987C9251ACA3E00CE141C /* Smash.entitlements */ = {isa = PBXFileReference; lastKnownFileType = text.plist.entitlements; path = Smash.entitlements; sourceTree = "<group>"; };
		042A465B24CC14FF003A594F /* GoogleService-Info.plist */ = {isa = PBXFileReference; fileEncoding = 4; lastKnownFileType = text.plist.xml; path = "GoogleService-Info.plist"; sourceTree = "<group>"; };
		0437708024D537C000DCED8E /* AnalysisRepository.swift */ = {isa = PBXFileReference; lastKnownFileType = sourcecode.swift; path = AnalysisRepository.swift; sourceTree = "<group>"; };
		043F629724CC06480005B13C /* NoteCellViewModel.swift */ = {isa = PBXFileReference; lastKnownFileType = sourcecode.swift; path = NoteCellViewModel.swift; sourceTree = "<group>"; };
		043F629C24CC11780005B13C /* AnalysisMainFighterView.swift */ = {isa = PBXFileReference; lastKnownFileType = sourcecode.swift; path = AnalysisMainFighterView.swift; sourceTree = "<group>"; };
		043F629E24CC119E0005B13C /* AnalysisMyFighterView.swift */ = {isa = PBXFileReference; lastKnownFileType = sourcecode.swift; path = AnalysisMyFighterView.swift; sourceTree = "<group>"; };
		043F62A024CC11B40005B13C /* AnalysisOpponentFighterView.swift */ = {isa = PBXFileReference; lastKnownFileType = sourcecode.swift; path = AnalysisOpponentFighterView.swift; sourceTree = "<group>"; };
		043F62A224CC11BE0005B13C /* AnalysisStageView.swift */ = {isa = PBXFileReference; lastKnownFileType = sourcecode.swift; path = AnalysisStageView.swift; sourceTree = "<group>"; };
		0446B49524E52253007C8F64 /* Loader.swift */ = {isa = PBXFileReference; lastKnownFileType = sourcecode.swift; path = Loader.swift; sourceTree = "<group>"; };
		0447676424CEB9380019B5E9 /* NoteRepository.swift */ = {isa = PBXFileReference; lastKnownFileType = sourcecode.swift; path = NoteRepository.swift; sourceTree = "<group>"; };
		044A268C24D3D76A0059496C /* RankingView.swift */ = {isa = PBXFileReference; lastKnownFileType = sourcecode.swift; path = RankingView.swift; sourceTree = "<group>"; };
		044A269024D3DD640059496C /* RankingViewModel.swift */ = {isa = PBXFileReference; lastKnownFileType = sourcecode.swift; path = RankingViewModel.swift; sourceTree = "<group>"; };
		044A742924E1221200A60E7F /* RankingRepository.swift */ = {isa = PBXFileReference; lastKnownFileType = sourcecode.swift; path = RankingRepository.swift; sourceTree = "<group>"; };
		044A742B24E2150D00A60E7F /* ImagePicker.swift */ = {isa = PBXFileReference; lastKnownFileType = sourcecode.swift; path = ImagePicker.swift; sourceTree = "<group>"; };
		04568CF924CBC14900FE1841 /* NoteDetailView.swift */ = {isa = PBXFileReference; lastKnownFileType = sourcecode.swift; path = NoteDetailView.swift; sourceTree = "<group>"; };
		04568CFB24CBEA3C00FE1841 /* MultilineTextField.swift */ = {isa = PBXFileReference; lastKnownFileType = sourcecode.swift; path = MultilineTextField.swift; sourceTree = "<group>"; };
		046B734224CBB0880093B454 /* Note.swift */ = {isa = PBXFileReference; lastKnownFileType = sourcecode.swift; path = Note.swift; sourceTree = "<group>"; };
		048EA269251963F5000185FA /* BlurView.swift */ = {isa = PBXFileReference; lastKnownFileType = sourcecode.swift; path = BlurView.swift; sourceTree = "<group>"; };
		0491566024CE9BA8003D8E32 /* RecordRepository.swift */ = {isa = PBXFileReference; lastKnownFileType = sourcecode.swift; path = RecordRepository.swift; sourceTree = "<group>"; };
		049239A524C6608B009F301E /* RecordListViewMdoel.swift */ = {isa = PBXFileReference; lastKnownFileType = sourcecode.swift; name = RecordListViewMdoel.swift; path = Smash/ViewModels/RecordVMs/RecordListViewMdoel.swift; sourceTree = SOURCE_ROOT; };
		049239A724C660E3009F301E /* Record.swift */ = {isa = PBXFileReference; lastKnownFileType = sourcecode.swift; path = Record.swift; sourceTree = "<group>"; };
		049239AA24C66AFB009F301E /* FighterPDF.swift */ = {isa = PBXFileReference; lastKnownFileType = sourcecode.swift; path = FighterPDF.swift; sourceTree = "<group>"; };
		049239AC24C67B84009F301E /* StagePDF.swift */ = {isa = PBXFileReference; lastKnownFileType = sourcecode.swift; path = StagePDF.swift; sourceTree = "<group>"; };
		049239AE24C68146009F301E /* Constants.swift */ = {isa = PBXFileReference; lastKnownFileType = sourcecode.swift; path = Constants.swift; sourceTree = "<group>"; };
		049239B024C68882009F301E /* EdgeBorder.swift */ = {isa = PBXFileReference; lastKnownFileType = sourcecode.swift; path = EdgeBorder.swift; sourceTree = "<group>"; };
		049239B224C6A306009F301E /* AnalysisView.swift */ = {isa = PBXFileReference; lastKnownFileType = sourcecode.swift; path = AnalysisView.swift; sourceTree = "<group>"; };
		049239B424C6A3AF009F301E /* FrameView.swift */ = {isa = PBXFileReference; lastKnownFileType = sourcecode.swift; path = FrameView.swift; sourceTree = "<group>"; };
		049239B624C6C0A5009F301E /* AddRecordView.swift */ = {isa = PBXFileReference; lastKnownFileType = sourcecode.swift; path = AddRecordView.swift; sourceTree = "<group>"; };
		049803A624CBF29B004FD1C2 /* AnalysisViewModel.swift */ = {isa = PBXFileReference; lastKnownFileType = sourcecode.swift; path = AnalysisViewModel.swift; sourceTree = "<group>"; };
		04A2F9F624CE4813007A5316 /* SafariView.swift */ = {isa = PBXFileReference; lastKnownFileType = sourcecode.swift; path = SafariView.swift; sourceTree = "<group>"; };
		04A4861824D0F53A008C3C15 /* HideKeyboard.swift */ = {isa = PBXFileReference; lastKnownFileType = sourcecode.swift; path = HideKeyboard.swift; sourceTree = "<group>"; };
		04AE235824CC0383005C8100 /* NoteViewModel.swift */ = {isa = PBXFileReference; lastKnownFileType = sourcecode.swift; path = NoteViewModel.swift; sourceTree = "<group>"; };
		04D16C312519E875000E13DF /* SignInWithAppleButton.swift */ = {isa = PBXFileReference; lastKnownFileType = sourcecode.swift; path = SignInWithAppleButton.swift; sourceTree = "<group>"; };
		04D16C372519E913000E13DF /* SignInView.swift */ = {isa = PBXFileReference; lastKnownFileType = sourcecode.swift; path = SignInView.swift; sourceTree = "<group>"; };
		04D1FA382513056F0075F697 /* en */ = {isa = PBXFileReference; lastKnownFileType = text.plist.strings; name = en; path = en.lproj/Localizable.strings; sourceTree = "<group>"; };
		04D1FA3B2513058D0075F697 /* ja */ = {isa = PBXFileReference; lastKnownFileType = text.plist.strings; name = ja; path = ja.lproj/LaunchScreen.strings; sourceTree = "<group>"; };
		04D1FA3C2513058D0075F697 /* ja */ = {isa = PBXFileReference; lastKnownFileType = text.plist.strings; name = ja; path = ja.lproj/Localizable.strings; sourceTree = "<group>"; };
		04D1FA3E251306E10075F697 /* String.swift */ = {isa = PBXFileReference; lastKnownFileType = sourcecode.swift; path = String.swift; sourceTree = "<group>"; };
		04ED6BD924D8D615004BC5D8 /* MainFighter.swift */ = {isa = PBXFileReference; lastKnownFileType = sourcecode.swift; path = MainFighter.swift; sourceTree = "<group>"; };
		04ED6BDB24D8EF39004BC5D8 /* TranslateNameIntoJapanese.swift */ = {isa = PBXFileReference; lastKnownFileType = sourcecode.swift; path = TranslateNameIntoJapanese.swift; sourceTree = "<group>"; };
		04EDBB7F24D3E283009B696B /* Ranking.swift */ = {isa = PBXFileReference; lastKnownFileType = sourcecode.swift; path = Ranking.swift; sourceTree = "<group>"; };
		04EDBB8424D4010E009B696B /* FrameRepository.swift */ = {isa = PBXFileReference; lastKnownFileType = sourcecode.swift; path = FrameRepository.swift; sourceTree = "<group>"; };
		04F4F24D24C831BF006C2F20 /* FighterPNG.swift */ = {isa = PBXFileReference; lastKnownFileType = sourcecode.swift; path = FighterPNG.swift; sourceTree = "<group>"; };
		04F4F24F24C84288006C2F20 /* Frame.swift */ = {isa = PBXFileReference; lastKnownFileType = sourcecode.swift; path = Frame.swift; sourceTree = "<group>"; };
		04F4F25124C8443E006C2F20 /* csv */ = {isa = PBXFileReference; fileEncoding = 4; lastKnownFileType = folder; path = csv; sourceTree = SOURCE_ROOT; };
		04F4F25324C8445C006C2F20 /* FrameViewModel.swift */ = {isa = PBXFileReference; lastKnownFileType = sourcecode.swift; path = FrameViewModel.swift; sourceTree = "<group>"; };
		9144AB34B8288F77432059E3 /* Pods_Smash.framework */ = {isa = PBXFileReference; explicitFileType = wrapper.framework; includeInIndex = 0; path = Pods_Smash.framework; sourceTree = BUILT_PRODUCTS_DIR; };
		A7C8EA3EF807274334AFC61B /* Pods-Smash.release.xcconfig */ = {isa = PBXFileReference; includeInIndex = 1; lastKnownFileType = text.xcconfig; name = "Pods-Smash.release.xcconfig"; path = "Target Support Files/Pods-Smash/Pods-Smash.release.xcconfig"; sourceTree = "<group>"; };
		BAA0CFD1643CC667833F0E07 /* Pods-Smash.debug.xcconfig */ = {isa = PBXFileReference; includeInIndex = 1; lastKnownFileType = text.xcconfig; name = "Pods-Smash.debug.xcconfig"; path = "Target Support Files/Pods-Smash/Pods-Smash.debug.xcconfig"; sourceTree = "<group>"; };
/* End PBXFileReference section */

/* Begin PBXFrameworksBuildPhase section */
		0409E4AD24C574B9000038E1 /* Frameworks */ = {
			isa = PBXFrameworksBuildPhase;
			buildActionMask = 2147483647;
			files = (
				2A3D2531BD7653633FAF7228 /* Pods_Smash.framework in Frameworks */,
			);
			runOnlyForDeploymentPostprocessing = 0;
		};
/* End PBXFrameworksBuildPhase section */

/* Begin PBXGroup section */
		0409E4A724C574B9000038E1 = {
			isa = PBXGroup;
			children = (
				0409E4B224C574B9000038E1 /* Smash */,
				0409E4B124C574B9000038E1 /* Products */,
				6DA842E88DDE30E34BE8AC52 /* Pods */,
				A09DBFFAB154549CD6D5B123 /* Frameworks */,
			);
			sourceTree = "<group>";
		};
		0409E4B124C574B9000038E1 /* Products */ = {
			isa = PBXGroup;
			children = (
				0409E4B024C574B9000038E1 /* Smash.app */,
			);
			name = Products;
			sourceTree = "<group>";
		};
		0409E4B224C574B9000038E1 /* Smash */ = {
			isa = PBXGroup;
			children = (
				042987C9251ACA3E00CE141C /* Smash.entitlements */,
				0409E4CA24C574D5000038E1 /* Apps */,
				042987C3251AC85400CE141C /* Services */,
				04149A4924C7D50100F2AD6F /* Repositories */,
				0409E4C724C574C1000038E1 /* Models */,
				0409E4C824C574CA000038E1 /* Views */,
				0409E4C924C574CF000038E1 /* ViewModels */,
				049239A924C66AE9009F301E /* Extensions */,
				0409E4B924C574BA000038E1 /* Assets.xcassets */,
				04F4F25124C8443E006C2F20 /* csv */,
				0409E4BE24C574BA000038E1 /* LaunchScreen.storyboard */,
				0409E4C124C574BA000038E1 /* Info.plist */,
				042A465B24CC14FF003A594F /* GoogleService-Info.plist */,
				04D1FA392513056F0075F697 /* Localizable.strings */,
				0409E4BB24C574BA000038E1 /* Preview Content */,
			);
			path = Smash;
			sourceTree = "<group>";
		};
		0409E4BB24C574BA000038E1 /* Preview Content */ = {
			isa = PBXGroup;
			children = (
				0409E4BC24C574BA000038E1 /* Preview Assets.xcassets */,
			);
			path = "Preview Content";
			sourceTree = "<group>";
		};
		0409E4C724C574C1000038E1 /* Models */ = {
			isa = PBXGroup;
			children = (
				049239A724C660E3009F301E /* Record.swift */,
				04ED6BD924D8D615004BC5D8 /* MainFighter.swift */,
				046B734224CBB0880093B454 /* Note.swift */,
				04EDBB7F24D3E283009B696B /* Ranking.swift */,
				04F4F24F24C84288006C2F20 /* Frame.swift */,
			);
			path = Models;
			sourceTree = "<group>";
		};
		0409E4C824C574CA000038E1 /* Views */ = {
			isa = PBXGroup;
			children = (
				0409E4B724C574B9000038E1 /* ContentView.swift */,
				049239B624C6C0A5009F301E /* AddRecordView.swift */,
				0409E4CB24C57582000038E1 /* RecordView.swift */,
				043F629924CC112B0005B13C /* AnalysisViews */,
				043F629B24CC114D0005B13C /* NoteViews */,
				043F629A24CC113D0005B13C /* FrameViews */,
				04D16C342519E878000E13DF /* SignInViews */,
			);
			path = Views;
			sourceTree = "<group>";
		};
		0409E4C924C574CF000038E1 /* ViewModels */ = {
			isa = PBXGroup;
			children = (
				04A2F9F424CE4723007A5316 /* RecordVMs */,
				04AF674924D659E6001BEF6E /* AnalysisVMs */,
				04A2F9F524CE4735007A5316 /* NoteVMs */,
				044A269224D3DD710059496C /* InfomationVMs */,
			);
			path = ViewModels;
			sourceTree = "<group>";
		};
		0409E4CA24C574D5000038E1 /* Apps */ = {
			isa = PBXGroup;
			children = (
				0409E4B324C574B9000038E1 /* AppDelegate.swift */,
				0409E4B524C574B9000038E1 /* SceneDelegate.swift */,
			);
			path = Apps;
			sourceTree = "<group>";
		};
		04149A4924C7D50100F2AD6F /* Repositories */ = {
			isa = PBXGroup;
			children = (
				0491566024CE9BA8003D8E32 /* RecordRepository.swift */,
				0447676424CEB9380019B5E9 /* NoteRepository.swift */,
				0437708024D537C000DCED8E /* AnalysisRepository.swift */,
				04EDBB8424D4010E009B696B /* FrameRepository.swift */,
				044A742924E1221200A60E7F /* RankingRepository.swift */,
			);
			path = Repositories;
			sourceTree = "<group>";
		};
		042987C3251AC85400CE141C /* Services */ = {
			isa = PBXGroup;
			children = (
				042987C0251AC84F00CE141C /* SignInWithAppleCoordinator.swift */,
			);
			path = Services;
			sourceTree = "<group>";
		};
		043F629924CC112B0005B13C /* AnalysisViews */ = {
			isa = PBXGroup;
			children = (
				049239B224C6A306009F301E /* AnalysisView.swift */,
				043F629C24CC11780005B13C /* AnalysisMainFighterView.swift */,
				043F629E24CC119E0005B13C /* AnalysisMyFighterView.swift */,
				043F62A024CC11B40005B13C /* AnalysisOpponentFighterView.swift */,
				043F62A224CC11BE0005B13C /* AnalysisStageView.swift */,
			);
			path = AnalysisViews;
			sourceTree = "<group>";
		};
		043F629A24CC113D0005B13C /* FrameViews */ = {
			isa = PBXGroup;
			children = (
				049239B424C6A3AF009F301E /* FrameView.swift */,
				0417B6C824C9A71400BBFF3B /* FrameDetaleView.swift */,
				044A268C24D3D76A0059496C /* RankingView.swift */,
				04A2F9F624CE4813007A5316 /* SafariView.swift */,
			);
			path = FrameViews;
			sourceTree = "<group>";
		};
		043F629B24CC114D0005B13C /* NoteViews */ = {
			isa = PBXGroup;
			children = (
				0409E4CD24C57588000038E1 /* NoteView.swift */,
				04568CF924CBC14900FE1841 /* NoteDetailView.swift */,
				044A742B24E2150D00A60E7F /* ImagePicker.swift */,
			);
			path = NoteViews;
			sourceTree = "<group>";
		};
		044A269224D3DD710059496C /* InfomationVMs */ = {
			isa = PBXGroup;
			children = (
				04F4F25324C8445C006C2F20 /* FrameViewModel.swift */,
				044A269024D3DD640059496C /* RankingViewModel.swift */,
			);
			path = InfomationVMs;
			sourceTree = "<group>";
		};
		049239A924C66AE9009F301E /* Extensions */ = {
			isa = PBXGroup;
			children = (
				049239AA24C66AFB009F301E /* FighterPDF.swift */,
				049239AC24C67B84009F301E /* StagePDF.swift */,
				04F4F24D24C831BF006C2F20 /* FighterPNG.swift */,
				049239AE24C68146009F301E /* Constants.swift */,
				049239B024C68882009F301E /* EdgeBorder.swift */,
				04568CFB24CBEA3C00FE1841 /* MultilineTextField.swift */,
				04A4861824D0F53A008C3C15 /* HideKeyboard.swift */,
				0414A55924D54F6900475D33 /* Color.swift */,
				04ED6BDB24D8EF39004BC5D8 /* TranslateNameIntoJapanese.swift */,
				0446B49524E52253007C8F64 /* Loader.swift */,
				04D1FA3E251306E10075F697 /* String.swift */,
				048EA269251963F5000185FA /* BlurView.swift */,
			);
			path = Extensions;
			sourceTree = "<group>";
		};
		04A2F9F424CE4723007A5316 /* RecordVMs */ = {
			isa = PBXGroup;
			children = (
				049239A524C6608B009F301E /* RecordListViewMdoel.swift */,
				04149A4724C7C63400F2AD6F /* RecordCellViewModel.swift */,
			);
			path = RecordVMs;
			sourceTree = "<group>";
		};
		04A2F9F524CE4735007A5316 /* NoteVMs */ = {
			isa = PBXGroup;
			children = (
				04AE235824CC0383005C8100 /* NoteViewModel.swift */,
				043F629724CC06480005B13C /* NoteCellViewModel.swift */,
			);
			path = NoteVMs;
			sourceTree = "<group>";
		};
		04AF674924D659E6001BEF6E /* AnalysisVMs */ = {
			isa = PBXGroup;
			children = (
				049803A624CBF29B004FD1C2 /* AnalysisViewModel.swift */,
			);
			path = AnalysisVMs;
			sourceTree = "<group>";
		};
		04D16C342519E878000E13DF /* SignInViews */ = {
			isa = PBXGroup;
			children = (
				04D16C372519E913000E13DF /* SignInView.swift */,
				04D16C312519E875000E13DF /* SignInWithAppleButton.swift */,
			);
			path = SignInViews;
			sourceTree = "<group>";
		};
		6DA842E88DDE30E34BE8AC52 /* Pods */ = {
			isa = PBXGroup;
			children = (
				BAA0CFD1643CC667833F0E07 /* Pods-Smash.debug.xcconfig */,
				A7C8EA3EF807274334AFC61B /* Pods-Smash.release.xcconfig */,
			);
			path = Pods;
			sourceTree = "<group>";
		};
		A09DBFFAB154549CD6D5B123 /* Frameworks */ = {
			isa = PBXGroup;
			children = (
				9144AB34B8288F77432059E3 /* Pods_Smash.framework */,
			);
			name = Frameworks;
			sourceTree = "<group>";
		};
/* End PBXGroup section */

/* Begin PBXNativeTarget section */
		0409E4AF24C574B9000038E1 /* Smash */ = {
			isa = PBXNativeTarget;
			buildConfigurationList = 0409E4C424C574BA000038E1 /* Build configuration list for PBXNativeTarget "Smash" */;
			buildPhases = (
				851377336362F2C1672F44CD /* [CP] Check Pods Manifest.lock */,
				0409E4AC24C574B9000038E1 /* Sources */,
				0409E4AD24C574B9000038E1 /* Frameworks */,
				0409E4AE24C574B9000038E1 /* Resources */,
				423B2E461568FA87A47BDB59 /* [CP] Embed Pods Frameworks */,
			);
			buildRules = (
			);
			dependencies = (
			);
			name = Smash;
			packageProductDependencies = (
			);
			productName = Smash;
			productReference = 0409E4B024C574B9000038E1 /* Smash.app */;
			productType = "com.apple.product-type.application";
		};
/* End PBXNativeTarget section */

/* Begin PBXProject section */
		0409E4A824C574B9000038E1 /* Project object */ = {
			isa = PBXProject;
			attributes = {
				LastSwiftUpdateCheck = 1160;
				LastUpgradeCheck = 1200;
				ORGANIZATIONNAME = "村尾慶伸";
				TargetAttributes = {
					0409E4AF24C574B9000038E1 = {
						CreatedOnToolsVersion = 11.6;
					};
				};
			};
			buildConfigurationList = 0409E4AB24C574B9000038E1 /* Build configuration list for PBXProject "Smash" */;
			compatibilityVersion = "Xcode 9.3";
			developmentRegion = en;
			hasScannedForEncodings = 0;
			knownRegions = (
				en,
				Base,
				ja,
			);
			mainGroup = 0409E4A724C574B9000038E1;
			packageReferences = (
			);
			productRefGroup = 0409E4B124C574B9000038E1 /* Products */;
			projectDirPath = "";
			projectRoot = "";
			targets = (
				0409E4AF24C574B9000038E1 /* Smash */,
			);
		};
/* End PBXProject section */

/* Begin PBXResourcesBuildPhase section */
		0409E4AE24C574B9000038E1 /* Resources */ = {
			isa = PBXResourcesBuildPhase;
			buildActionMask = 2147483647;
			files = (
				0409E4C024C574BA000038E1 /* LaunchScreen.storyboard in Resources */,
				04D1FA372513056F0075F697 /* Localizable.strings in Resources */,
				0409E4BD24C574BA000038E1 /* Preview Assets.xcassets in Resources */,
				042A465C24CC14FF003A594F /* GoogleService-Info.plist in Resources */,
				0409E4BA24C574BA000038E1 /* Assets.xcassets in Resources */,
				04F4F25224C8443F006C2F20 /* csv in Resources */,
			);
			runOnlyForDeploymentPostprocessing = 0;
		};
/* End PBXResourcesBuildPhase section */

/* Begin PBXShellScriptBuildPhase section */
		423B2E461568FA87A47BDB59 /* [CP] Embed Pods Frameworks */ = {
			isa = PBXShellScriptBuildPhase;
			buildActionMask = 2147483647;
			files = (
			);
			inputFileListPaths = (
				"${PODS_ROOT}/Target Support Files/Pods-Smash/Pods-Smash-frameworks-${CONFIGURATION}-input-files.xcfilelist",
			);
			name = "[CP] Embed Pods Frameworks";
			outputFileListPaths = (
				"${PODS_ROOT}/Target Support Files/Pods-Smash/Pods-Smash-frameworks-${CONFIGURATION}-output-files.xcfilelist",
			);
			runOnlyForDeploymentPostprocessing = 0;
			shellPath = /bin/sh;
			shellScript = "\"${PODS_ROOT}/Target Support Files/Pods-Smash/Pods-Smash-frameworks.sh\"\n";
			showEnvVarsInLog = 0;
		};
		851377336362F2C1672F44CD /* [CP] Check Pods Manifest.lock */ = {
			isa = PBXShellScriptBuildPhase;
			buildActionMask = 2147483647;
			files = (
			);
			inputFileListPaths = (
			);
			inputPaths = (
				"${PODS_PODFILE_DIR_PATH}/Podfile.lock",
				"${PODS_ROOT}/Manifest.lock",
			);
			name = "[CP] Check Pods Manifest.lock";
			outputFileListPaths = (
			);
			outputPaths = (
				"$(DERIVED_FILE_DIR)/Pods-Smash-checkManifestLockResult.txt",
			);
			runOnlyForDeploymentPostprocessing = 0;
			shellPath = /bin/sh;
			shellScript = "diff \"${PODS_PODFILE_DIR_PATH}/Podfile.lock\" \"${PODS_ROOT}/Manifest.lock\" > /dev/null\nif [ $? != 0 ] ; then\n    # print error to STDERR\n    echo \"error: The sandbox is not in sync with the Podfile.lock. Run 'pod install' or update your CocoaPods installation.\" >&2\n    exit 1\nfi\n# This output is used by Xcode 'outputs' to avoid re-running this script phase.\necho \"SUCCESS\" > \"${SCRIPT_OUTPUT_FILE_0}\"\n";
			showEnvVarsInLog = 0;
		};
/* End PBXShellScriptBuildPhase section */

/* Begin PBXSourcesBuildPhase section */
		0409E4AC24C574B9000038E1 /* Sources */ = {
			isa = PBXSourcesBuildPhase;
			buildActionMask = 2147483647;
			files = (
				0409E4B424C574B9000038E1 /* AppDelegate.swift in Sources */,
				042987C1251AC84F00CE141C /* SignInWithAppleCoordinator.swift in Sources */,
				044A268D24D3D76A0059496C /* RankingView.swift in Sources */,
				04D1FA3F251306E10075F697 /* String.swift in Sources */,
				0447676524CEB9380019B5E9 /* NoteRepository.swift in Sources */,
				04EDBB8524D4010E009B696B /* FrameRepository.swift in Sources */,
				04A2F9F724CE4813007A5316 /* SafariView.swift in Sources */,
				0409E4CE24C57588000038E1 /* NoteView.swift in Sources */,
				04AE235924CC0384005C8100 /* NoteViewModel.swift in Sources */,
				046B734324CBB0880093B454 /* Note.swift in Sources */,
				0417B6C924C9A71400BBFF3B /* FrameDetaleView.swift in Sources */,
				0491566124CE9BA8003D8E32 /* RecordRepository.swift in Sources */,
				049239B524C6A3AF009F301E /* FrameView.swift in Sources */,
				049239B124C68882009F301E /* EdgeBorder.swift in Sources */,
				04A4861924D0F53A008C3C15 /* HideKeyboard.swift in Sources */,
				0409E4CC24C57582000038E1 /* RecordView.swift in Sources */,
				04568CFA24CBC14900FE1841 /* NoteDetailView.swift in Sources */,
				049803A724CBF29B004FD1C2 /* AnalysisViewModel.swift in Sources */,
				049239B324C6A306009F301E /* AnalysisView.swift in Sources */,
				043F62A124CC11B40005B13C /* AnalysisOpponentFighterView.swift in Sources */,
				04568CFC24CBEA3C00FE1841 /* MultilineTextField.swift in Sources */,
				0409E4B624C574B9000038E1 /* SceneDelegate.swift in Sources */,
				0437708124D537C000DCED8E /* AnalysisRepository.swift in Sources */,
				049239B724C6C0A5009F301E /* AddRecordView.swift in Sources */,
				044A742A24E1221200A60E7F /* RankingRepository.swift in Sources */,
				04ED6BDA24D8D615004BC5D8 /* MainFighter.swift in Sources */,
				048EA26A251963F5000185FA /* BlurView.swift in Sources */,
				043F629F24CC119E0005B13C /* AnalysisMyFighterView.swift in Sources */,
				0414A55A24D54F6900475D33 /* Color.swift in Sources */,
				049239A824C660E3009F301E /* Record.swift in Sources */,
				04ED6BDC24D8EF39004BC5D8 /* TranslateNameIntoJapanese.swift in Sources */,
				04D16C382519E913000E13DF /* SignInView.swift in Sources */,
				04F4F25024C84288006C2F20 /* Frame.swift in Sources */,
				04F4F24E24C831BF006C2F20 /* FighterPNG.swift in Sources */,
				04D16C322519E875000E13DF /* SignInWithAppleButton.swift in Sources */,
				0446B49624E52253007C8F64 /* Loader.swift in Sources */,
				044A742C24E2150D00A60E7F /* ImagePicker.swift in Sources */,
				04149A4824C7C63400F2AD6F /* RecordCellViewModel.swift in Sources */,
				043F62A324CC11BE0005B13C /* AnalysisStageView.swift in Sources */,
				049239AF24C68146009F301E /* Constants.swift in Sources */,
				043F629D24CC11780005B13C /* AnalysisMainFighterView.swift in Sources */,
				0409E4B824C574B9000038E1 /* ContentView.swift in Sources */,
				049239AD24C67B84009F301E /* StagePDF.swift in Sources */,
				049239AB24C66AFB009F301E /* FighterPDF.swift in Sources */,
				04EDBB8024D3E283009B696B /* Ranking.swift in Sources */,
				04F4F25424C8445C006C2F20 /* FrameViewModel.swift in Sources */,
				043F629824CC06480005B13C /* NoteCellViewModel.swift in Sources */,
				049239A624C6608B009F301E /* RecordListViewMdoel.swift in Sources */,
				044A269124D3DD640059496C /* RankingViewModel.swift in Sources */,
			);
			runOnlyForDeploymentPostprocessing = 0;
		};
/* End PBXSourcesBuildPhase section */

/* Begin PBXVariantGroup section */
		0409E4BE24C574BA000038E1 /* LaunchScreen.storyboard */ = {
			isa = PBXVariantGroup;
			children = (
				0409E4BF24C574BA000038E1 /* Base */,
				04D1FA3B2513058D0075F697 /* ja */,
			);
			name = LaunchScreen.storyboard;
			sourceTree = "<group>";
		};
		04D1FA392513056F0075F697 /* Localizable.strings */ = {
			isa = PBXVariantGroup;
			children = (
				04D1FA382513056F0075F697 /* en */,
				04D1FA3C2513058D0075F697 /* ja */,
			);
			name = Localizable.strings;
			sourceTree = "<group>";
		};
/* End PBXVariantGroup section */

/* Begin XCBuildConfiguration section */
		0409E4C224C574BA000038E1 /* Debug */ = {
			isa = XCBuildConfiguration;
			buildSettings = {
				ALWAYS_SEARCH_USER_PATHS = NO;
				CLANG_ANALYZER_LOCALIZABILITY_NONLOCALIZED = YES;
				CLANG_ANALYZER_NONNULL = YES;
				CLANG_ANALYZER_NUMBER_OBJECT_CONVERSION = YES_AGGRESSIVE;
				CLANG_CXX_LANGUAGE_STANDARD = "gnu++14";
				CLANG_CXX_LIBRARY = "libc++";
				CLANG_ENABLE_MODULES = YES;
				CLANG_ENABLE_OBJC_ARC = YES;
				CLANG_ENABLE_OBJC_WEAK = YES;
				CLANG_WARN_BLOCK_CAPTURE_AUTORELEASING = YES;
				CLANG_WARN_BOOL_CONVERSION = YES;
				CLANG_WARN_COMMA = YES;
				CLANG_WARN_CONSTANT_CONVERSION = YES;
				CLANG_WARN_DEPRECATED_OBJC_IMPLEMENTATIONS = YES;
				CLANG_WARN_DIRECT_OBJC_ISA_USAGE = YES_ERROR;
				CLANG_WARN_DOCUMENTATION_COMMENTS = YES;
				CLANG_WARN_EMPTY_BODY = YES;
				CLANG_WARN_ENUM_CONVERSION = YES;
				CLANG_WARN_INFINITE_RECURSION = YES;
				CLANG_WARN_INT_CONVERSION = YES;
				CLANG_WARN_NON_LITERAL_NULL_CONVERSION = YES;
				CLANG_WARN_OBJC_IMPLICIT_RETAIN_SELF = YES;
				CLANG_WARN_OBJC_LITERAL_CONVERSION = YES;
				CLANG_WARN_OBJC_ROOT_CLASS = YES_ERROR;
				CLANG_WARN_QUOTED_INCLUDE_IN_FRAMEWORK_HEADER = YES;
				CLANG_WARN_RANGE_LOOP_ANALYSIS = YES;
				CLANG_WARN_STRICT_PROTOTYPES = YES;
				CLANG_WARN_SUSPICIOUS_MOVE = YES;
				CLANG_WARN_UNGUARDED_AVAILABILITY = YES_AGGRESSIVE;
				CLANG_WARN_UNREACHABLE_CODE = YES;
				CLANG_WARN__DUPLICATE_METHOD_MATCH = YES;
				COPY_PHASE_STRIP = NO;
				DEBUG_INFORMATION_FORMAT = dwarf;
				ENABLE_STRICT_OBJC_MSGSEND = YES;
				ENABLE_TESTABILITY = YES;
				GCC_C_LANGUAGE_STANDARD = gnu11;
				GCC_DYNAMIC_NO_PIC = NO;
				GCC_NO_COMMON_BLOCKS = YES;
				GCC_OPTIMIZATION_LEVEL = 0;
				GCC_PREPROCESSOR_DEFINITIONS = (
					"DEBUG=1",
					"$(inherited)",
				);
				GCC_WARN_64_TO_32_BIT_CONVERSION = YES;
				GCC_WARN_ABOUT_RETURN_TYPE = YES_ERROR;
				GCC_WARN_UNDECLARED_SELECTOR = YES;
				GCC_WARN_UNINITIALIZED_AUTOS = YES_AGGRESSIVE;
				GCC_WARN_UNUSED_FUNCTION = YES;
				GCC_WARN_UNUSED_VARIABLE = YES;
				IPHONEOS_DEPLOYMENT_TARGET = 14.0;
				MTL_ENABLE_DEBUG_INFO = INCLUDE_SOURCE;
				MTL_FAST_MATH = YES;
				ONLY_ACTIVE_ARCH = YES;
				SDKROOT = iphoneos;
				SWIFT_ACTIVE_COMPILATION_CONDITIONS = DEBUG;
				SWIFT_OPTIMIZATION_LEVEL = "-Onone";
			};
			name = Debug;
		};
		0409E4C324C574BA000038E1 /* Release */ = {
			isa = XCBuildConfiguration;
			buildSettings = {
				ALWAYS_SEARCH_USER_PATHS = NO;
				CLANG_ANALYZER_LOCALIZABILITY_NONLOCALIZED = YES;
				CLANG_ANALYZER_NONNULL = YES;
				CLANG_ANALYZER_NUMBER_OBJECT_CONVERSION = YES_AGGRESSIVE;
				CLANG_CXX_LANGUAGE_STANDARD = "gnu++14";
				CLANG_CXX_LIBRARY = "libc++";
				CLANG_ENABLE_MODULES = YES;
				CLANG_ENABLE_OBJC_ARC = YES;
				CLANG_ENABLE_OBJC_WEAK = YES;
				CLANG_WARN_BLOCK_CAPTURE_AUTORELEASING = YES;
				CLANG_WARN_BOOL_CONVERSION = YES;
				CLANG_WARN_COMMA = YES;
				CLANG_WARN_CONSTANT_CONVERSION = YES;
				CLANG_WARN_DEPRECATED_OBJC_IMPLEMENTATIONS = YES;
				CLANG_WARN_DIRECT_OBJC_ISA_USAGE = YES_ERROR;
				CLANG_WARN_DOCUMENTATION_COMMENTS = YES;
				CLANG_WARN_EMPTY_BODY = YES;
				CLANG_WARN_ENUM_CONVERSION = YES;
				CLANG_WARN_INFINITE_RECURSION = YES;
				CLANG_WARN_INT_CONVERSION = YES;
				CLANG_WARN_NON_LITERAL_NULL_CONVERSION = YES;
				CLANG_WARN_OBJC_IMPLICIT_RETAIN_SELF = YES;
				CLANG_WARN_OBJC_LITERAL_CONVERSION = YES;
				CLANG_WARN_OBJC_ROOT_CLASS = YES_ERROR;
				CLANG_WARN_QUOTED_INCLUDE_IN_FRAMEWORK_HEADER = YES;
				CLANG_WARN_RANGE_LOOP_ANALYSIS = YES;
				CLANG_WARN_STRICT_PROTOTYPES = YES;
				CLANG_WARN_SUSPICIOUS_MOVE = YES;
				CLANG_WARN_UNGUARDED_AVAILABILITY = YES_AGGRESSIVE;
				CLANG_WARN_UNREACHABLE_CODE = YES;
				CLANG_WARN__DUPLICATE_METHOD_MATCH = YES;
				COPY_PHASE_STRIP = NO;
				DEBUG_INFORMATION_FORMAT = "dwarf-with-dsym";
				ENABLE_NS_ASSERTIONS = NO;
				ENABLE_STRICT_OBJC_MSGSEND = YES;
				GCC_C_LANGUAGE_STANDARD = gnu11;
				GCC_NO_COMMON_BLOCKS = YES;
				GCC_WARN_64_TO_32_BIT_CONVERSION = YES;
				GCC_WARN_ABOUT_RETURN_TYPE = YES_ERROR;
				GCC_WARN_UNDECLARED_SELECTOR = YES;
				GCC_WARN_UNINITIALIZED_AUTOS = YES_AGGRESSIVE;
				GCC_WARN_UNUSED_FUNCTION = YES;
				GCC_WARN_UNUSED_VARIABLE = YES;
				IPHONEOS_DEPLOYMENT_TARGET = 14.0;
				MTL_ENABLE_DEBUG_INFO = NO;
				MTL_FAST_MATH = YES;
				SDKROOT = iphoneos;
				SWIFT_COMPILATION_MODE = wholemodule;
				SWIFT_OPTIMIZATION_LEVEL = "-O";
				VALIDATE_PRODUCT = YES;
			};
			name = Release;
		};
		0409E4C524C574BA000038E1 /* Debug */ = {
			isa = XCBuildConfiguration;
			baseConfigurationReference = BAA0CFD1643CC667833F0E07 /* Pods-Smash.debug.xcconfig */;
			buildSettings = {
				ASSETCATALOG_COMPILER_APPICON_NAME = AppIcon;
				CODE_SIGN_ENTITLEMENTS = Smash/Smash.entitlements;
				CODE_SIGN_STYLE = Automatic;
				DEVELOPMENT_ASSET_PATHS = "\"Smash/Preview Content\"";
				DEVELOPMENT_TEAM = 479D88RPDD;
				ENABLE_PREVIEWS = YES;
				INFOPLIST_FILE = Smash/Info.plist;
				LD_RUNPATH_SEARCH_PATHS = (
					"$(inherited)",
					"@executable_path/Frameworks",
				);
				PRODUCT_BUNDLE_IDENTIFIER = com.yoshinobu.Smash;
				PRODUCT_NAME = "$(TARGET_NAME)";
				SWIFT_VERSION = 5.0;
				TARGETED_DEVICE_FAMILY = 1;
			};
			name = Debug;
		};
		0409E4C624C574BA000038E1 /* Release */ = {
			isa = XCBuildConfiguration;
			baseConfigurationReference = A7C8EA3EF807274334AFC61B /* Pods-Smash.release.xcconfig */;
			buildSettings = {
				ASSETCATALOG_COMPILER_APPICON_NAME = AppIcon;
				CODE_SIGN_ENTITLEMENTS = Smash/Smash.entitlements;
				CODE_SIGN_STYLE = Automatic;
				DEVELOPMENT_ASSET_PATHS = "\"Smash/Preview Content\"";
				DEVELOPMENT_TEAM = 479D88RPDD;
				ENABLE_PREVIEWS = YES;
				INFOPLIST_FILE = Smash/Info.plist;
				LD_RUNPATH_SEARCH_PATHS = (
					"$(inherited)",
					"@executable_path/Frameworks",
				);
				PRODUCT_BUNDLE_IDENTIFIER = com.yoshinobu.Smash;
				PRODUCT_NAME = "$(TARGET_NAME)";
				SWIFT_VERSION = 5.0;
				TARGETED_DEVICE_FAMILY = 1;
			};
			name = Release;
		};
/* End XCBuildConfiguration section */

/* Begin XCConfigurationList section */
		0409E4AB24C574B9000038E1 /* Build configuration list for PBXProject "Smash" */ = {
			isa = XCConfigurationList;
			buildConfigurations = (
				0409E4C224C574BA000038E1 /* Debug */,
				0409E4C324C574BA000038E1 /* Release */,
			);
			defaultConfigurationIsVisible = 0;
			defaultConfigurationName = Release;
		};
		0409E4C424C574BA000038E1 /* Build configuration list for PBXNativeTarget "Smash" */ = {
			isa = XCConfigurationList;
			buildConfigurations = (
				0409E4C524C574BA000038E1 /* Debug */,
				0409E4C624C574BA000038E1 /* Release */,
			);
			defaultConfigurationIsVisible = 0;
			defaultConfigurationName = Release;
		};
/* End XCConfigurationList section */
	};
	rootObject = 0409E4A824C574B9000038E1 /* Project object */;
}
